
Microsoft Visual Studio Solution File, Format Version 12.00
# Visual Studio 15
VisualStudioVersion = 15.0.27428.2037
MinimumVisualStudioVersion = 10.0.40219.1
Project("{FAE04EC0-301F-11D3-BF4B-00C04F79EFBC}") = "DistanceConverter", "DistanceConverter\DistanceConverter.csproj", "{B0491245-F8DA-4F7C-A997-CE27D2F1002D}"
EndProject
Project("{FAE04EC0-301F-11D3-BF4B-00C04F79EFBC}") = "PrintProfile", "PrintProfile\PrintProfile.csproj", "{736B7F4C-2346-4077-BEF6-7190AF70C9DE}"
EndProject
Project("{FAE04EC0-301F-11D3-BF4B-00C04F79EFBC}") = "Home", "Home\Home.csproj", "{C7C08E88-0288-4F40-A53F-56ADA8955C01}"
EndProject
Project("{FAE04EC0-301F-11D3-BF4B-00C04F79EFBC}") = "FavoritePrimaryColor", "FavoritePrimaryColor\FavoritePrimaryColor.csproj", "{2515CB38-A920-4239-8292-1A9E339F2084}"
EndProject
Project("{FAE04EC0-301F-11D3-BF4B-00C04F79EFBC}") = "List", "List\List.csproj", "{0D6651D4-EADC-41EF-A446-9ABE7C122CA5}"
EndProject
Project("{FAE04EC0-301F-11D3-BF4B-00C04F79EFBC}") = "Dictionary", "Dictionary\Dictionary.csproj", "{142B58E4-CF99-4715-BC66-20F715093D06}"
EndProject
Project("{FAE04EC0-301F-11D3-BF4B-00C04F79EFBC}") = "01_08_나성식_airplane_reservation", "01_08_나성식_airplane_reservation\01_08_나성식_airplane_reservation.csproj", "{D77453DB-5B48-4C6E-8D4F-2CBDA3D3E182}"
EndProject
Project("{FAE04EC0-301F-11D3-BF4B-00C04F79EFBC}") = "01_08_나성식_Homeappliance", "01_08_나성식_electronic\01_08_나성식_Homeappliance.csproj", "{35B3B124-185F-48B1-8081-95F1DE389E79}"
EndProject
Project("{FAE04EC0-301F-11D3-BF4B-00C04F79EFBC}") = "StreamWriterExample", "StreamWriterExample\StreamWriterExample.csproj", "{145F631B-6ECD-4E1D-AC26-4B3811E0DFD1}"
EndProject
Project("{FAE04EC0-301F-11D3-BF4B-00C04F79EFBC}") = "StreamReaderExample", "StreamReaderExample\StreamReaderExample.csproj", "{53CFBC39-2FED-406A-81C1-96DF10D802B5}"
EndProject
Project("{FAE04EC0-301F-11D3-BF4B-00C04F79EFBC}") = "ToDoList", "ToDoList\ToDoList.csproj", "{14328207-D42B-4E6C-9FD7-801C99DDA001}"
EndProject
Project("{FAE04EC0-301F-11D3-BF4B-00C04F79EFBC}") = "MyDirectory", "MyDirectory\MyDirectory.csproj", "{459AAB0F-B5E9-4AEE-9210-3FBC8FCC577B}"
EndProject
Project("{FAE04EC0-301F-11D3-BF4B-00C04F79EFBC}") = "MyStringToFile", "MyStringToFile\MyStringToFile.csproj", "{8E178800-D68C-4967-9822-D7803C043DFC}"
EndProject
Project("{FAE04EC0-301F-11D3-BF4B-00C04F79EFBC}") = "MyStringToXML", "MyStringToXML\MyStringToXML.csproj", "{A4846AFE-BB94-4643-B1F9-2BFDCF789388}"
EndProject
Project("{FAE04EC0-301F-11D3-BF4B-00C04F79EFBC}") = "MyXMLExample", "MyXMLExample\MyXMLExample.csproj", "{8EA44BFC-E124-4584-9F6E-5E2C40EE7A28}"
EndProject
Project("{FAE04EC0-301F-11D3-BF4B-00C04F79EFBC}") = "MyJSONExample", "MyJSONExample\MyJSONExample.csproj", "{ADC8997E-F8E5-4344-B21D-126F13EB6CD0}"
EndProject
Project("{FAE04EC0-301F-11D3-BF4B-00C04F79EFBC}") = "XMLSerialization", "XMLSerialization\XMLSerialization.csproj", "{F5CA21FA-AB20-42BE-BD56-C4D8298EFDAE}"
EndProject
Project("{FAE04EC0-301F-11D3-BF4B-00C04F79EFBC}") = "유사 Android", "유사 Android\유사 Android.csproj", "{BD44B482-9557-4A97-ADCF-346DA06D8E77}"
EndProject
Project("{FAE04EC0-301F-11D3-BF4B-00C04F79EFBC}") = "MyDB", "MyDB\MyDB.csproj", "{BF9E81BC-DBEE-4917-9ED5-74AB23719139}"
EndProject
Project("{FAE04EC0-301F-11D3-BF4B-00C04F79EFBC}") = "CS_Task", "CS_Task\CS_Task.csproj", "{C7C3C46A-4578-4C5C-9F63-9E0F633B9B35}"
EndProject
Project("{FAE04EC0-301F-11D3-BF4B-00C04F79EFBC}") = "01_08_나성식_ABC", "01_08_나성식_ABC\01_08_나성식_ABC.csproj", "{C71AB9FB-DFED-40A1-B0DD-8CA5DFB38279}"
EndProject
Global
	GlobalSection(SolutionConfigurationPlatforms) = preSolution
		Debug|Any CPU = Debug|Any CPU
		Debug|x64 = Debug|x64
		Debug|x86 = Debug|x86
		Release|Any CPU = Release|Any CPU
		Release|x64 = Release|x64
		Release|x86 = Release|x86
	EndGlobalSection
	GlobalSection(ProjectConfigurationPlatforms) = postSolution
		{B0491245-F8DA-4F7C-A997-CE27D2F1002D}.Debug|Any CPU.ActiveCfg = Debug|Any CPU
		{B0491245-F8DA-4F7C-A997-CE27D2F1002D}.Debug|Any CPU.Build.0 = Debug|Any CPU
		{B0491245-F8DA-4F7C-A997-CE27D2F1002D}.Debug|x64.ActiveCfg = Debug|Any CPU
		{B0491245-F8DA-4F7C-A997-CE27D2F1002D}.Debug|x64.Build.0 = Debug|Any CPU
		{B0491245-F8DA-4F7C-A997-CE27D2F1002D}.Debug|x86.ActiveCfg = Debug|Any CPU
		{B0491245-F8DA-4F7C-A997-CE27D2F1002D}.Debug|x86.Build.0 = Debug|Any CPU
		{B0491245-F8DA-4F7C-A997-CE27D2F1002D}.Release|Any CPU.ActiveCfg = Release|Any CPU
		{B0491245-F8DA-4F7C-A997-CE27D2F1002D}.Release|Any CPU.Build.0 = Release|Any CPU
		{B0491245-F8DA-4F7C-A997-CE27D2F1002D}.Release|x64.ActiveCfg = Release|Any CPU
		{B0491245-F8DA-4F7C-A997-CE27D2F1002D}.Release|x64.Build.0 = Release|Any CPU
		{B0491245-F8DA-4F7C-A997-CE27D2F1002D}.Release|x86.ActiveCfg = Release|Any CPU
		{B0491245-F8DA-4F7C-A997-CE27D2F1002D}.Release|x86.Build.0 = Release|Any CPU
		{736B7F4C-2346-4077-BEF6-7190AF70C9DE}.Debug|Any CPU.ActiveCfg = Debug|Any CPU
		{736B7F4C-2346-4077-BEF6-7190AF70C9DE}.Debug|Any CPU.Build.0 = Debug|Any CPU
		{736B7F4C-2346-4077-BEF6-7190AF70C9DE}.Debug|x64.ActiveCfg = Debug|Any CPU
		{736B7F4C-2346-4077-BEF6-7190AF70C9DE}.Debug|x64.Build.0 = Debug|Any CPU
		{736B7F4C-2346-4077-BEF6-7190AF70C9DE}.Debug|x86.ActiveCfg = Debug|Any CPU
		{736B7F4C-2346-4077-BEF6-7190AF70C9DE}.Debug|x86.Build.0 = Debug|Any CPU
		{736B7F4C-2346-4077-BEF6-7190AF70C9DE}.Release|Any CPU.ActiveCfg = Release|Any CPU
		{736B7F4C-2346-4077-BEF6-7190AF70C9DE}.Release|Any CPU.Build.0 = Release|Any CPU
		{736B7F4C-2346-4077-BEF6-7190AF70C9DE}.Release|x64.ActiveCfg = Release|Any CPU
		{736B7F4C-2346-4077-BEF6-7190AF70C9DE}.Release|x64.Build.0 = Release|Any CPU
		{736B7F4C-2346-4077-BEF6-7190AF70C9DE}.Release|x86.ActiveCfg = Release|Any CPU
		{736B7F4C-2346-4077-BEF6-7190AF70C9DE}.Release|x86.Build.0 = Release|Any CPU
		{C7C08E88-0288-4F40-A53F-56ADA8955C01}.Debug|Any CPU.ActiveCfg = Debug|Any CPU
		{C7C08E88-0288-4F40-A53F-56ADA8955C01}.Debug|Any CPU.Build.0 = Debug|Any CPU
		{C7C08E88-0288-4F40-A53F-56ADA8955C01}.Debug|x64.ActiveCfg = Debug|Any CPU
		{C7C08E88-0288-4F40-A53F-56ADA8955C01}.Debug|x64.Build.0 = Debug|Any CPU
		{C7C08E88-0288-4F40-A53F-56ADA8955C01}.Debug|x86.ActiveCfg = Debug|Any CPU
		{C7C08E88-0288-4F40-A53F-56ADA8955C01}.Debug|x86.Build.0 = Debug|Any CPU
		{C7C08E88-0288-4F40-A53F-56ADA8955C01}.Release|Any CPU.ActiveCfg = Release|Any CPU
		{C7C08E88-0288-4F40-A53F-56ADA8955C01}.Release|Any CPU.Build.0 = Release|Any CPU
		{C7C08E88-0288-4F40-A53F-56ADA8955C01}.Release|x64.ActiveCfg = Release|Any CPU
		{C7C08E88-0288-4F40-A53F-56ADA8955C01}.Release|x64.Build.0 = Release|Any CPU
		{C7C08E88-0288-4F40-A53F-56ADA8955C01}.Release|x86.ActiveCfg = Release|Any CPU
		{C7C08E88-0288-4F40-A53F-56ADA8955C01}.Release|x86.Build.0 = Release|Any CPU
		{2515CB38-A920-4239-8292-1A9E339F2084}.Debug|Any CPU.ActiveCfg = Debug|Any CPU
		{2515CB38-A920-4239-8292-1A9E339F2084}.Debug|Any CPU.Build.0 = Debug|Any CPU
		{2515CB38-A920-4239-8292-1A9E339F2084}.Debug|x64.ActiveCfg = Debug|Any CPU
		{2515CB38-A920-4239-8292-1A9E339F2084}.Debug|x64.Build.0 = Debug|Any CPU
		{2515CB38-A920-4239-8292-1A9E339F2084}.Debug|x86.ActiveCfg = Debug|Any CPU
		{2515CB38-A920-4239-8292-1A9E339F2084}.Debug|x86.Build.0 = Debug|Any CPU
		{2515CB38-A920-4239-8292-1A9E339F2084}.Release|Any CPU.ActiveCfg = Release|Any CPU
		{2515CB38-A920-4239-8292-1A9E339F2084}.Release|Any CPU.Build.0 = Release|Any CPU
		{2515CB38-A920-4239-8292-1A9E339F2084}.Release|x64.ActiveCfg = Release|Any CPU
		{2515CB38-A920-4239-8292-1A9E339F2084}.Release|x64.Build.0 = Release|Any CPU
		{2515CB38-A920-4239-8292-1A9E339F2084}.Release|x86.ActiveCfg = Release|Any CPU
		{2515CB38-A920-4239-8292-1A9E339F2084}.Release|x86.Build.0 = Release|Any CPU
		{0D6651D4-EADC-41EF-A446-9ABE7C122CA5}.Debug|Any CPU.ActiveCfg = Debug|Any CPU
		{0D6651D4-EADC-41EF-A446-9ABE7C122CA5}.Debug|Any CPU.Build.0 = Debug|Any CPU
		{0D6651D4-EADC-41EF-A446-9ABE7C122CA5}.Debug|x64.ActiveCfg = Debug|Any CPU
		{0D6651D4-EADC-41EF-A446-9ABE7C122CA5}.Debug|x64.Build.0 = Debug|Any CPU
		{0D6651D4-EADC-41EF-A446-9ABE7C122CA5}.Debug|x86.ActiveCfg = Debug|Any CPU
		{0D6651D4-EADC-41EF-A446-9ABE7C122CA5}.Debug|x86.Build.0 = Debug|Any CPU
		{0D6651D4-EADC-41EF-A446-9ABE7C122CA5}.Release|Any CPU.ActiveCfg = Release|Any CPU
		{0D6651D4-EADC-41EF-A446-9ABE7C122CA5}.Release|Any CPU.Build.0 = Release|Any CPU
		{0D6651D4-EADC-41EF-A446-9ABE7C122CA5}.Release|x64.ActiveCfg = Release|Any CPU
		{0D6651D4-EADC-41EF-A446-9ABE7C122CA5}.Release|x64.Build.0 = Release|Any CPU
		{0D6651D4-EADC-41EF-A446-9ABE7C122CA5}.Release|x86.ActiveCfg = Release|Any CPU
		{0D6651D4-EADC-41EF-A446-9ABE7C122CA5}.Release|x86.Build.0 = Release|Any CPU
		{142B58E4-CF99-4715-BC66-20F715093D06}.Debug|Any CPU.ActiveCfg = Debug|Any CPU
		{142B58E4-CF99-4715-BC66-20F715093D06}.Debug|Any CPU.Build.0 = Debug|Any CPU
		{142B58E4-CF99-4715-BC66-20F715093D06}.Debug|x64.ActiveCfg = Debug|Any CPU
		{142B58E4-CF99-4715-BC66-20F715093D06}.Debug|x64.Build.0 = Debug|Any CPU
		{142B58E4-CF99-4715-BC66-20F715093D06}.Debug|x86.ActiveCfg = Debug|Any CPU
		{142B58E4-CF99-4715-BC66-20F715093D06}.Debug|x86.Build.0 = Debug|Any CPU
		{142B58E4-CF99-4715-BC66-20F715093D06}.Release|Any CPU.ActiveCfg = Release|Any CPU
		{142B58E4-CF99-4715-BC66-20F715093D06}.Release|Any CPU.Build.0 = Release|Any CPU
		{142B58E4-CF99-4715-BC66-20F715093D06}.Release|x64.ActiveCfg = Release|Any CPU
		{142B58E4-CF99-4715-BC66-20F715093D06}.Release|x64.Build.0 = Release|Any CPU
		{142B58E4-CF99-4715-BC66-20F715093D06}.Release|x86.ActiveCfg = Release|Any CPU
		{142B58E4-CF99-4715-BC66-20F715093D06}.Release|x86.Build.0 = Release|Any CPU
		{D77453DB-5B48-4C6E-8D4F-2CBDA3D3E182}.Debug|Any CPU.ActiveCfg = Debug|Any CPU
		{D77453DB-5B48-4C6E-8D4F-2CBDA3D3E182}.Debug|Any CPU.Build.0 = Debug|Any CPU
		{D77453DB-5B48-4C6E-8D4F-2CBDA3D3E182}.Debug|x64.ActiveCfg = Debug|Any CPU
		{D77453DB-5B48-4C6E-8D4F-2CBDA3D3E182}.Debug|x64.Build.0 = Debug|Any CPU
		{D77453DB-5B48-4C6E-8D4F-2CBDA3D3E182}.Debug|x86.ActiveCfg = Debug|Any CPU
		{D77453DB-5B48-4C6E-8D4F-2CBDA3D3E182}.Debug|x86.Build.0 = Debug|Any CPU
		{D77453DB-5B48-4C6E-8D4F-2CBDA3D3E182}.Release|Any CPU.ActiveCfg = Release|Any CPU
		{D77453DB-5B48-4C6E-8D4F-2CBDA3D3E182}.Release|Any CPU.Build.0 = Release|Any CPU
		{D77453DB-5B48-4C6E-8D4F-2CBDA3D3E182}.Release|x64.ActiveCfg = Release|Any CPU
		{D77453DB-5B48-4C6E-8D4F-2CBDA3D3E182}.Release|x64.Build.0 = Release|Any CPU
		{D77453DB-5B48-4C6E-8D4F-2CBDA3D3E182}.Release|x86.ActiveCfg = Release|Any CPU
		{D77453DB-5B48-4C6E-8D4F-2CBDA3D3E182}.Release|x86.Build.0 = Release|Any CPU
		{35B3B124-185F-48B1-8081-95F1DE389E79}.Debug|Any CPU.ActiveCfg = Debug|Any CPU
		{35B3B124-185F-48B1-8081-95F1DE389E79}.Debug|Any CPU.Build.0 = Debug|Any CPU
		{35B3B124-185F-48B1-8081-95F1DE389E79}.Debug|x64.ActiveCfg = Debug|Any CPU
		{35B3B124-185F-48B1-8081-95F1DE389E79}.Debug|x64.Build.0 = Debug|Any CPU
		{35B3B124-185F-48B1-8081-95F1DE389E79}.Debug|x86.ActiveCfg = Debug|Any CPU
		{35B3B124-185F-48B1-8081-95F1DE389E79}.Debug|x86.Build.0 = Debug|Any CPU
		{35B3B124-185F-48B1-8081-95F1DE389E79}.Release|Any CPU.ActiveCfg = Release|Any CPU
		{35B3B124-185F-48B1-8081-95F1DE389E79}.Release|Any CPU.Build.0 = Release|Any CPU
		{35B3B124-185F-48B1-8081-95F1DE389E79}.Release|x64.ActiveCfg = Release|Any CPU
		{35B3B124-185F-48B1-8081-95F1DE389E79}.Release|x64.Build.0 = Release|Any CPU
		{35B3B124-185F-48B1-8081-95F1DE389E79}.Release|x86.ActiveCfg = Release|Any CPU
		{35B3B124-185F-48B1-8081-95F1DE389E79}.Release|x86.Build.0 = Release|Any CPU
		{145F631B-6ECD-4E1D-AC26-4B3811E0DFD1}.Debug|Any CPU.ActiveCfg = Debug|Any CPU
		{145F631B-6ECD-4E1D-AC26-4B3811E0DFD1}.Debug|Any CPU.Build.0 = Debug|Any CPU
		{145F631B-6ECD-4E1D-AC26-4B3811E0DFD1}.Debug|x64.ActiveCfg = Debug|Any CPU
		{145F631B-6ECD-4E1D-AC26-4B3811E0DFD1}.Debug|x64.Build.0 = Debug|Any CPU
		{145F631B-6ECD-4E1D-AC26-4B3811E0DFD1}.Debug|x86.ActiveCfg = Debug|Any CPU
		{145F631B-6ECD-4E1D-AC26-4B3811E0DFD1}.Debug|x86.Build.0 = Debug|Any CPU
		{145F631B-6ECD-4E1D-AC26-4B3811E0DFD1}.Release|Any CPU.ActiveCfg = Release|Any CPU
		{145F631B-6ECD-4E1D-AC26-4B3811E0DFD1}.Release|Any CPU.Build.0 = Release|Any CPU
		{145F631B-6ECD-4E1D-AC26-4B3811E0DFD1}.Release|x64.ActiveCfg = Release|Any CPU
		{145F631B-6ECD-4E1D-AC26-4B3811E0DFD1}.Release|x64.Build.0 = Release|Any CPU
		{145F631B-6ECD-4E1D-AC26-4B3811E0DFD1}.Release|x86.ActiveCfg = Release|Any CPU
		{145F631B-6ECD-4E1D-AC26-4B3811E0DFD1}.Release|x86.Build.0 = Release|Any CPU
		{53CFBC39-2FED-406A-81C1-96DF10D802B5}.Debug|Any CPU.ActiveCfg = Debug|Any CPU
		{53CFBC39-2FED-406A-81C1-96DF10D802B5}.Debug|Any CPU.Build.0 = Debug|Any CPU
		{53CFBC39-2FED-406A-81C1-96DF10D802B5}.Debug|x64.ActiveCfg = Debug|Any CPU
		{53CFBC39-2FED-406A-81C1-96DF10D802B5}.Debug|x64.Build.0 = Debug|Any CPU
		{53CFBC39-2FED-406A-81C1-96DF10D802B5}.Debug|x86.ActiveCfg = Debug|Any CPU
		{53CFBC39-2FED-406A-81C1-96DF10D802B5}.Debug|x86.Build.0 = Debug|Any CPU
		{53CFBC39-2FED-406A-81C1-96DF10D802B5}.Release|Any CPU.ActiveCfg = Release|Any CPU
		{53CFBC39-2FED-406A-81C1-96DF10D802B5}.Release|Any CPU.Build.0 = Release|Any CPU
		{53CFBC39-2FED-406A-81C1-96DF10D802B5}.Release|x64.ActiveCfg = Release|Any CPU
		{53CFBC39-2FED-406A-81C1-96DF10D802B5}.Release|x64.Build.0 = Release|Any CPU
		{53CFBC39-2FED-406A-81C1-96DF10D802B5}.Release|x86.ActiveCfg = Release|Any CPU
		{53CFBC39-2FED-406A-81C1-96DF10D802B5}.Release|x86.Build.0 = Release|Any CPU
		{14328207-D42B-4E6C-9FD7-801C99DDA001}.Debug|Any CPU.ActiveCfg = Debug|Any CPU
		{14328207-D42B-4E6C-9FD7-801C99DDA001}.Debug|Any CPU.Build.0 = Debug|Any CPU
		{14328207-D42B-4E6C-9FD7-801C99DDA001}.Debug|x64.ActiveCfg = Debug|Any CPU
		{14328207-D42B-4E6C-9FD7-801C99DDA001}.Debug|x64.Build.0 = Debug|Any CPU
		{14328207-D42B-4E6C-9FD7-801C99DDA001}.Debug|x86.ActiveCfg = Debug|Any CPU
		{14328207-D42B-4E6C-9FD7-801C99DDA001}.Debug|x86.Build.0 = Debug|Any CPU
		{14328207-D42B-4E6C-9FD7-801C99DDA001}.Release|Any CPU.ActiveCfg = Release|Any CPU
		{14328207-D42B-4E6C-9FD7-801C99DDA001}.Release|Any CPU.Build.0 = Release|Any CPU
		{14328207-D42B-4E6C-9FD7-801C99DDA001}.Release|x64.ActiveCfg = Release|Any CPU
		{14328207-D42B-4E6C-9FD7-801C99DDA001}.Release|x64.Build.0 = Release|Any CPU
		{14328207-D42B-4E6C-9FD7-801C99DDA001}.Release|x86.ActiveCfg = Release|Any CPU
		{14328207-D42B-4E6C-9FD7-801C99DDA001}.Release|x86.Build.0 = Release|Any CPU
		{459AAB0F-B5E9-4AEE-9210-3FBC8FCC577B}.Debug|Any CPU.ActiveCfg = Debug|Any CPU
		{459AAB0F-B5E9-4AEE-9210-3FBC8FCC577B}.Debug|Any CPU.Build.0 = Debug|Any CPU
		{459AAB0F-B5E9-4AEE-9210-3FBC8FCC577B}.Debug|x64.ActiveCfg = Debug|Any CPU
		{459AAB0F-B5E9-4AEE-9210-3FBC8FCC577B}.Debug|x64.Build.0 = Debug|Any CPU
		{459AAB0F-B5E9-4AEE-9210-3FBC8FCC577B}.Debug|x86.ActiveCfg = Debug|Any CPU
		{459AAB0F-B5E9-4AEE-9210-3FBC8FCC577B}.Debug|x86.Build.0 = Debug|Any CPU
		{459AAB0F-B5E9-4AEE-9210-3FBC8FCC577B}.Release|Any CPU.ActiveCfg = Release|Any CPU
		{459AAB0F-B5E9-4AEE-9210-3FBC8FCC577B}.Release|Any CPU.Build.0 = Release|Any CPU
		{459AAB0F-B5E9-4AEE-9210-3FBC8FCC577B}.Release|x64.ActiveCfg = Release|Any CPU
		{459AAB0F-B5E9-4AEE-9210-3FBC8FCC577B}.Release|x64.Build.0 = Release|Any CPU
		{459AAB0F-B5E9-4AEE-9210-3FBC8FCC577B}.Release|x86.ActiveCfg = Release|Any CPU
		{459AAB0F-B5E9-4AEE-9210-3FBC8FCC577B}.Release|x86.Build.0 = Release|Any CPU
		{8E178800-D68C-4967-9822-D7803C043DFC}.Debug|Any CPU.ActiveCfg = Debug|Any CPU
		{8E178800-D68C-4967-9822-D7803C043DFC}.Debug|Any CPU.Build.0 = Debug|Any CPU
		{8E178800-D68C-4967-9822-D7803C043DFC}.Debug|x64.ActiveCfg = Debug|Any CPU
		{8E178800-D68C-4967-9822-D7803C043DFC}.Debug|x64.Build.0 = Debug|Any CPU
		{8E178800-D68C-4967-9822-D7803C043DFC}.Debug|x86.ActiveCfg = Debug|Any CPU
		{8E178800-D68C-4967-9822-D7803C043DFC}.Debug|x86.Build.0 = Debug|Any CPU
		{8E178800-D68C-4967-9822-D7803C043DFC}.Release|Any CPU.ActiveCfg = Release|Any CPU
		{8E178800-D68C-4967-9822-D7803C043DFC}.Release|Any CPU.Build.0 = Release|Any CPU
		{8E178800-D68C-4967-9822-D7803C043DFC}.Release|x64.ActiveCfg = Release|Any CPU
		{8E178800-D68C-4967-9822-D7803C043DFC}.Release|x64.Build.0 = Release|Any CPU
		{8E178800-D68C-4967-9822-D7803C043DFC}.Release|x86.ActiveCfg = Release|Any CPU
		{8E178800-D68C-4967-9822-D7803C043DFC}.Release|x86.Build.0 = Release|Any CPU
		{A4846AFE-BB94-4643-B1F9-2BFDCF789388}.Debug|Any CPU.ActiveCfg = Debug|Any CPU
		{A4846AFE-BB94-4643-B1F9-2BFDCF789388}.Debug|Any CPU.Build.0 = Debug|Any CPU
		{A4846AFE-BB94-4643-B1F9-2BFDCF789388}.Debug|x64.ActiveCfg = Debug|Any CPU
		{A4846AFE-BB94-4643-B1F9-2BFDCF789388}.Debug|x64.Build.0 = Debug|Any CPU
		{A4846AFE-BB94-4643-B1F9-2BFDCF789388}.Debug|x86.ActiveCfg = Debug|Any CPU
		{A4846AFE-BB94-4643-B1F9-2BFDCF789388}.Debug|x86.Build.0 = Debug|Any CPU
		{A4846AFE-BB94-4643-B1F9-2BFDCF789388}.Release|Any CPU.ActiveCfg = Release|Any CPU
		{A4846AFE-BB94-4643-B1F9-2BFDCF789388}.Release|Any CPU.Build.0 = Release|Any CPU
		{A4846AFE-BB94-4643-B1F9-2BFDCF789388}.Release|x64.ActiveCfg = Release|Any CPU
		{A4846AFE-BB94-4643-B1F9-2BFDCF789388}.Release|x64.Build.0 = Release|Any CPU
		{A4846AFE-BB94-4643-B1F9-2BFDCF789388}.Release|x86.ActiveCfg = Release|Any CPU
		{A4846AFE-BB94-4643-B1F9-2BFDCF789388}.Release|x86.Build.0 = Release|Any CPU
		{8EA44BFC-E124-4584-9F6E-5E2C40EE7A28}.Debug|Any CPU.ActiveCfg = Debug|Any CPU
		{8EA44BFC-E124-4584-9F6E-5E2C40EE7A28}.Debug|Any CPU.Build.0 = Debug|Any CPU
		{8EA44BFC-E124-4584-9F6E-5E2C40EE7A28}.Debug|x64.ActiveCfg = Debug|Any CPU
		{8EA44BFC-E124-4584-9F6E-5E2C40EE7A28}.Debug|x64.Build.0 = Debug|Any CPU
		{8EA44BFC-E124-4584-9F6E-5E2C40EE7A28}.Debug|x86.ActiveCfg = Debug|Any CPU
		{8EA44BFC-E124-4584-9F6E-5E2C40EE7A28}.Debug|x86.Build.0 = Debug|Any CPU
		{8EA44BFC-E124-4584-9F6E-5E2C40EE7A28}.Release|Any CPU.ActiveCfg = Release|Any CPU
		{8EA44BFC-E124-4584-9F6E-5E2C40EE7A28}.Release|Any CPU.Build.0 = Release|Any CPU
		{8EA44BFC-E124-4584-9F6E-5E2C40EE7A28}.Release|x64.ActiveCfg = Release|Any CPU
		{8EA44BFC-E124-4584-9F6E-5E2C40EE7A28}.Release|x64.Build.0 = Release|Any CPU
		{8EA44BFC-E124-4584-9F6E-5E2C40EE7A28}.Release|x86.ActiveCfg = Release|Any CPU
		{8EA44BFC-E124-4584-9F6E-5E2C40EE7A28}.Release|x86.Build.0 = Release|Any CPU
		{ADC8997E-F8E5-4344-B21D-126F13EB6CD0}.Debug|Any CPU.ActiveCfg = Debug|Any CPU
		{ADC8997E-F8E5-4344-B21D-126F13EB6CD0}.Debug|Any CPU.Build.0 = Debug|Any CPU
		{ADC8997E-F8E5-4344-B21D-126F13EB6CD0}.Debug|x64.ActiveCfg = Debug|Any CPU
		{ADC8997E-F8E5-4344-B21D-126F13EB6CD0}.Debug|x64.Build.0 = Debug|Any CPU
		{ADC8997E-F8E5-4344-B21D-126F13EB6CD0}.Debug|x86.ActiveCfg = Debug|Any CPU
		{ADC8997E-F8E5-4344-B21D-126F13EB6CD0}.Debug|x86.Build.0 = Debug|Any CPU
		{ADC8997E-F8E5-4344-B21D-126F13EB6CD0}.Release|Any CPU.ActiveCfg = Release|Any CPU
		{ADC8997E-F8E5-4344-B21D-126F13EB6CD0}.Release|Any CPU.Build.0 = Release|Any CPU
		{ADC8997E-F8E5-4344-B21D-126F13EB6CD0}.Release|x64.ActiveCfg = Release|Any CPU
		{ADC8997E-F8E5-4344-B21D-126F13EB6CD0}.Release|x64.Build.0 = Release|Any CPU
		{ADC8997E-F8E5-4344-B21D-126F13EB6CD0}.Release|x86.ActiveCfg = Release|Any CPU
		{ADC8997E-F8E5-4344-B21D-126F13EB6CD0}.Release|x86.Build.0 = Release|Any CPU
		{F5CA21FA-AB20-42BE-BD56-C4D8298EFDAE}.Debug|Any CPU.ActiveCfg = Debug|Any CPU
		{F5CA21FA-AB20-42BE-BD56-C4D8298EFDAE}.Debug|Any CPU.Build.0 = Debug|Any CPU
		{F5CA21FA-AB20-42BE-BD56-C4D8298EFDAE}.Debug|x64.ActiveCfg = Debug|Any CPU
		{F5CA21FA-AB20-42BE-BD56-C4D8298EFDAE}.Debug|x64.Build.0 = Debug|Any CPU
		{F5CA21FA-AB20-42BE-BD56-C4D8298EFDAE}.Debug|x86.ActiveCfg = Debug|Any CPU
		{F5CA21FA-AB20-42BE-BD56-C4D8298EFDAE}.Debug|x86.Build.0 = Debug|Any CPU
		{F5CA21FA-AB20-42BE-BD56-C4D8298EFDAE}.Release|Any CPU.ActiveCfg = Release|Any CPU
		{F5CA21FA-AB20-42BE-BD56-C4D8298EFDAE}.Release|Any CPU.Build.0 = Release|Any CPU
		{F5CA21FA-AB20-42BE-BD56-C4D8298EFDAE}.Release|x64.ActiveCfg = Release|Any CPU
		{F5CA21FA-AB20-42BE-BD56-C4D8298EFDAE}.Release|x64.Build.0 = Release|Any CPU
		{F5CA21FA-AB20-42BE-BD56-C4D8298EFDAE}.Release|x86.ActiveCfg = Release|Any CPU
		{F5CA21FA-AB20-42BE-BD56-C4D8298EFDAE}.Release|x86.Build.0 = Release|Any CPU
		{BD44B482-9557-4A97-ADCF-346DA06D8E77}.Debug|Any CPU.ActiveCfg = Debug|Any CPU
		{BD44B482-9557-4A97-ADCF-346DA06D8E77}.Debug|Any CPU.Build.0 = Debug|Any CPU
		{BD44B482-9557-4A97-ADCF-346DA06D8E77}.Debug|x64.ActiveCfg = Debug|Any CPU
		{BD44B482-9557-4A97-ADCF-346DA06D8E77}.Debug|x64.Build.0 = Debug|Any CPU
		{BD44B482-9557-4A97-ADCF-346DA06D8E77}.Debug|x86.ActiveCfg = Debug|Any CPU
		{BD44B482-9557-4A97-ADCF-346DA06D8E77}.Debug|x86.Build.0 = Debug|Any CPU
		{BD44B482-9557-4A97-ADCF-346DA06D8E77}.Release|Any CPU.ActiveCfg = Release|Any CPU
		{BD44B482-9557-4A97-ADCF-346DA06D8E77}.Release|Any CPU.Build.0 = Release|Any CPU
		{BD44B482-9557-4A97-ADCF-346DA06D8E77}.Release|x64.ActiveCfg = Release|Any CPU
		{BD44B482-9557-4A97-ADCF-346DA06D8E77}.Release|x64.Build.0 = Release|Any CPU
		{BD44B482-9557-4A97-ADCF-346DA06D8E77}.Release|x86.ActiveCfg = Release|Any CPU
		{BD44B482-9557-4A97-ADCF-346DA06D8E77}.Release|x86.Build.0 = Release|Any CPU
		{BF9E81BC-DBEE-4917-9ED5-74AB23719139}.Debug|Any CPU.ActiveCfg = Debug|Any CPU
		{BF9E81BC-DBEE-4917-9ED5-74AB23719139}.Debug|Any CPU.Build.0 = Debug|Any CPU
		{BF9E81BC-DBEE-4917-9ED5-74AB23719139}.Debug|x64.ActiveCfg = Debug|Any CPU
		{BF9E81BC-DBEE-4917-9ED5-74AB23719139}.Debug|x64.Build.0 = Debug|Any CPU
		{BF9E81BC-DBEE-4917-9ED5-74AB23719139}.Debug|x86.ActiveCfg = Debug|Any CPU
		{BF9E81BC-DBEE-4917-9ED5-74AB23719139}.Debug|x86.Build.0 = Debug|Any CPU
		{BF9E81BC-DBEE-4917-9ED5-74AB23719139}.Release|Any CPU.ActiveCfg = Release|Any CPU
		{BF9E81BC-DBEE-4917-9ED5-74AB23719139}.Release|Any CPU.Build.0 = Release|Any CPU
		{BF9E81BC-DBEE-4917-9ED5-74AB23719139}.Release|x64.ActiveCfg = Release|Any CPU
		{BF9E81BC-DBEE-4917-9ED5-74AB23719139}.Release|x64.Build.0 = Release|Any CPU
		{BF9E81BC-DBEE-4917-9ED5-74AB23719139}.Release|x86.ActiveCfg = Release|Any CPU
		{BF9E81BC-DBEE-4917-9ED5-74AB23719139}.Release|x86.Build.0 = Release|Any CPU
		{C7C3C46A-4578-4C5C-9F63-9E0F633B9B35}.Debug|Any CPU.ActiveCfg = Debug|Any CPU
		{C7C3C46A-4578-4C5C-9F63-9E0F633B9B35}.Debug|Any CPU.Build.0 = Debug|Any CPU
		{C7C3C46A-4578-4C5C-9F63-9E0F633B9B35}.Debug|x64.ActiveCfg = Debug|Any CPU
		{C7C3C46A-4578-4C5C-9F63-9E0F633B9B35}.Debug|x64.Build.0 = Debug|Any CPU
		{C7C3C46A-4578-4C5C-9F63-9E0F633B9B35}.Debug|x86.ActiveCfg = Debug|Any CPU
		{C7C3C46A-4578-4C5C-9F63-9E0F633B9B35}.Debug|x86.Build.0 = Debug|Any CPU
		{C7C3C46A-4578-4C5C-9F63-9E0F633B9B35}.Release|Any CPU.ActiveCfg = Release|Any CPU
		{C7C3C46A-4578-4C5C-9F63-9E0F633B9B35}.Release|Any CPU.Build.0 = Release|Any CPU
		{C7C3C46A-4578-4C5C-9F63-9E0F633B9B35}.Release|x64.ActiveCfg = Release|Any CPU
		{C7C3C46A-4578-4C5C-9F63-9E0F633B9B35}.Release|x64.Build.0 = Release|Any CPU
		{C7C3C46A-4578-4C5C-9F63-9E0F633B9B35}.Release|x86.ActiveCfg = Release|Any CPU
		{C7C3C46A-4578-4C5C-9F63-9E0F633B9B35}.Release|x86.Build.0 = Release|Any CPU
		{C71AB9FB-DFED-40A1-B0DD-8CA5DFB38279}.Debug|Any CPU.ActiveCfg = Debug|Any CPU
		{C71AB9FB-DFED-40A1-B0DD-8CA5DFB38279}.Debug|Any CPU.Build.0 = Debug|Any CPU
		{C71AB9FB-DFED-40A1-B0DD-8CA5DFB38279}.Debug|x64.ActiveCfg = Debug|Any CPU
		{C71AB9FB-DFED-40A1-B0DD-8CA5DFB38279}.Debug|x64.Build.0 = Debug|Any CPU
		{C71AB9FB-DFED-40A1-B0DD-8CA5DFB38279}.Debug|x86.ActiveCfg = Debug|Any CPU
		{C71AB9FB-DFED-40A1-B0DD-8CA5DFB38279}.Debug|x86.Build.0 = Debug|Any CPU
		{C71AB9FB-DFED-40A1-B0DD-8CA5DFB38279}.Release|Any CPU.ActiveCfg = Release|Any CPU
		{C71AB9FB-DFED-40A1-B0DD-8CA5DFB38279}.Release|Any CPU.Build.0 = Release|Any CPU
		{C71AB9FB-DFED-40A1-B0DD-8CA5DFB38279}.Release|x64.ActiveCfg = Release|Any CPU
		{C71AB9FB-DFED-40A1-B0DD-8CA5DFB38279}.Release|x64.Build.0 = Release|Any CPU
		{C71AB9FB-DFED-40A1-B0DD-8CA5DFB38279}.Release|x86.ActiveCfg = Release|Any CPU
		{C71AB9FB-DFED-40A1-B0DD-8CA5DFB38279}.Release|x86.Build.0 = Release|Any CPU
	EndGlobalSection
	GlobalSection(SolutionProperties) = preSolution
		HideSolutionNode = FALSE
	EndGlobalSection
	GlobalSection(ExtensibilityGlobals) = postSolution
		SolutionGuid = {69D01648-B6A2-40F5-941B-3ABFDAC5AE9F}
	EndGlobalSection
EndGlobal
