
Microsoft Visual Studio Solution File, Format Version 12.00
# Visual Studio 15
VisualStudioVersion = 15.0.27428.2037
MinimumVisualStudioVersion = 10.0.40219.1
Project("{FAE04EC0-301F-11D3-BF4B-00C04F79EFBC}") = "DistanceConverter", "DistanceConverter\DistanceConverter.csproj", "{B0491245-F8DA-4F7C-A997-CE27D2F1002D}"
EndProject
Global
	GlobalSection(SolutionConfigurationPlatforms) = preSolution
		Debug|Any CPU = Debug|Any CPU
		Release|Any CPU = Release|Any CPU
	EndGlobalSection
	GlobalSection(ProjectConfigurationPlatforms) = postSolution
		{B0491245-F8DA-4F7C-A997-CE27D2F1002D}.Debug|Any CPU.ActiveCfg = Debug|Any CPU
		{B0491245-F8DA-4F7C-A997-CE27D2F1002D}.Debug|Any CPU.Build.0 = Debug|Any CPU
		{B0491245-F8DA-4F7C-A997-CE27D2F1002D}.Release|Any CPU.ActiveCfg = Release|Any CPU
		{B0491245-F8DA-4F7C-A997-CE27D2F1002D}.Release|Any CPU.Build.0 = Release|Any CPU
	EndGlobalSection
	GlobalSection(SolutionProperties) = preSolution
		HideSolutionNode = FALSE
	EndGlobalSection
	GlobalSection(ExtensibilityGlobals) = postSolution
		SolutionGuid = {69D01648-B6A2-40F5-941B-3ABFDAC5AE9F}
	EndGlobalSection
EndGlobal
